
Microsoft Visual Studio Solution File, Format Version 12.00
Project("{FAE04EC0-301F-11D3-BF4B-00C04F79EFBC}") = "App20221004", "App20221004\App20221004.csproj", "{32DE0B03-B6BD-4BCF-86FE-E61DE3DE36FF}"
EndProject
Global
	GlobalSection(SolutionConfigurationPlatforms) = preSolution
		Debug|Any CPU = Debug|Any CPU
		Release|Any CPU = Release|Any CPU
	EndGlobalSection
	GlobalSection(ProjectConfigurationPlatforms) = postSolution
		{32DE0B03-B6BD-4BCF-86FE-E61DE3DE36FF}.Debug|Any CPU.ActiveCfg = Debug|Any CPU
		{32DE0B03-B6BD-4BCF-86FE-E61DE3DE36FF}.Debug|Any CPU.Build.0 = Debug|Any CPU
		{32DE0B03-B6BD-4BCF-86FE-E61DE3DE36FF}.Release|Any CPU.ActiveCfg = Release|Any CPU
		{32DE0B03-B6BD-4BCF-86FE-E61DE3DE36FF}.Release|Any CPU.Build.0 = Release|Any CPU
	EndGlobalSection
EndGlobal
